<Solution>
  <Folder Name="/Solution Items/">
    <File Path=".dockerignore" />
    <File Path=".gitignore" />
    <File Path=".editorconfig" />
    <File Path="Directory.Build.props" />
    <File Path="Directory.Packages.props" />
    <File Path="global.json" />
    <File Path="docker-compose.dev.yml" />
    <File Path="docker-compose.yml" />
    <File Path="Dockerfile" />
    <File Path="README.md" />
  </Folder>
  <Folder Name="/src/">
    <Project Path="src/Mutterblack.Client/Mutterblack.Client.csproj" />
    <Project Path="src/Mutterblack.App/Mutterblack.App.csproj" />
    <Project Path="src/Mutterblack.Discord/Mutterblack.Discord.csproj" />
  </Folder>
  <Folder Name="/test/">
    <Project Path="test/Mutterblack.Client.Test/Mutterblack.Client.Test.csproj" />
  </Folder>
</Solution>
